schema: '2.0'
stages:
  prepare:
    cmd: python src/preprocessing.py
    deps:
    - path: data/test.csv
      hash: md5
      md5: c2a43c42855b51d097c8584395b07812
      size: 1350
    - path: data/train.csv
      hash: md5
      md5: c45657de8309246ed5e927ddb106aace
      size: 336555
    - path: src/preprocessing.py
      hash: md5
      md5: b79ed21c1d7225df5c21660020b01aea
      size: 1732
    outs:
    - path: data/pipeline.pkl
      hash: md5
      md5: 1937547c55653c6d6f879e6adf7d1bce
      size: 4546
    - path: data/processed_test_data.csv
      hash: md5
      md5: 483ed22b2dcb2f6b780ed1123e7fa95f
      size: 138563
    - path: data/processed_train_data.csv
      hash: md5
      md5: 208beeba78c04a8a3ef02e84cdfaa3f0
      size: 552123
